
Microsoft Visual Studio Solution File, Format Version 12.00
# Visual Studio 2012
Project("{FAE04EC0-301F-11D3-BF4B-00C04F79EFBC}") = "ParallaxView.Bindings", "ParallaxView.Bindings.csproj", "{C212341B-E98B-48D4-8841-3D5009AAD1C3}"
EndProject
Global
	GlobalSection(SolutionConfigurationPlatforms) = preSolution
		Debug|Any CPU = Debug|Any CPU
		Release|Any CPU = Release|Any CPU
	EndGlobalSection
	GlobalSection(ProjectConfigurationPlatforms) = postSolution
		{C212341B-E98B-48D4-8841-3D5009AAD1C3}.Debug|Any CPU.ActiveCfg = Debug|Any CPU
		{C212341B-E98B-48D4-8841-3D5009AAD1C3}.Debug|Any CPU.Build.0 = Debug|Any CPU
		{C212341B-E98B-48D4-8841-3D5009AAD1C3}.Release|Any CPU.ActiveCfg = Release|Any CPU
		{C212341B-E98B-48D4-8841-3D5009AAD1C3}.Release|Any CPU.Build.0 = Release|Any CPU
	EndGlobalSection
	GlobalSection(MonoDevelopProperties) = preSolution
		StartupItem = ParallaxView.Bindings.csproj
	EndGlobalSection
EndGlobal
